{
  "lockfileVersion": 1,
  "configVersion": 1,
  "workspaces": {
    "": {
      "name": "bakery-monorepo",
      "devDependencies": {
        "bun-types": "^1.4.0",
        "cutver": "^2.2.0",
        "vue": "^3.5.38",
      },
      "peerDependencies": {
        "typescript": "^6.0.3",
      },
    },
    "apps/example": {
      "name": "@bakery-framework/example",
      "version": "4.0.0",
      "dependencies": {
        "@bakery-framework/cli": "workspace:*",
        "@bakery-framework/core": "workspace:*",
        "@bakery-framework/orm": "workspace:*",
      },
      "devDependencies": {
        "@bakery-framework/plugin-analytics": "workspace:*",
        "@bakery-framework/plugin-dashboard": "workspace:*",
        "@bakery-framework/plugin-db-explorer": "workspace:*",
        "vue": "^3.5.38",
      },
    },
    "apps/starter": {
      "name": "@bakery-framework/starter",
      "version": "1.0.0",
      "dependencies": {
        "@bakery-framework/cli": "workspace:*",
        "@bakery-framework/core": "workspace:*",
        "@bakery-framework/orm": "workspace:*",
      },
    },
    "packages/cli": {
      "name": "@bakery-framework/cli",
      "version": "2.0.0-alpha.10",
      "bin": {
        "bakery": "./src/index.ts",
      },
      "dependencies": {
        "@bakery-framework/core": "workspace:^",
      },
      "peerDependencies": {
        "@bakery-framework/orm": "workspace:^",
      },
      "optionalPeers": [
        "@bakery-framework/orm",
      ],
    },
    "packages/core": {
      "name": "@bakery-framework/core",
      "version": "2.0.0-alpha.10",
    },
    "packages/create": {
      "name": "create-bakery",
      "version": "2.0.0-alpha.10",
      "bin": {
        "create-bakery": "./src/index.ts",
      },
    },
    "packages/orm": {
      "name": "@bakery-framework/orm",
      "version": "2.0.0-alpha.10",
      "dependencies": {
        "@bakery-framework/core": "workspace:^",
      },
    },
    "packages/plugins/analytics": {
      "name": "@bakery-framework/plugin-analytics",
      "version": "2.0.0-alpha.10",
      "dependencies": {
        "@bakery-framework/core": "workspace:^",
      },
    },
    "packages/plugins/dashboard": {
      "name": "@bakery-framework/plugin-dashboard",
      "version": "2.0.0-alpha.10",
      "dependencies": {
        "@bakery-framework/core": "workspace:^",
        "@bakery-framework/orm": "workspace:^",
        "@bakery-framework/plugin-analytics": "workspace:^",
      },
    },
    "packages/plugins/db-explorer": {
      "name": "@bakery-framework/plugin-db-explorer",
      "version": "2.0.0-alpha.10",
      "dependencies": {
        "@bakery-framework/core": "workspace:^",
        "@bakery-framework/orm": "workspace:^",
      },
    },
    "packages/plugins/vue": {
      "name": "@bakery-framework/plugin-vue",
      "version": "2.0.0-alpha.10",
      "dependencies": {
        "@bakery-framework/core": "workspace:^",
      },
      "devDependencies": {
        "@vue/compiler-sfc": "^3.5.38",
        "vue": "^3.5.38",
      },
      "peerDependencies": {
        "@vue/compiler-sfc": "^3.5.0",
        "vue": "^3.5.0",
      },
    },
  },
  "packages": {
    "@babel/helper-string-parser": ["@babel/helper-string-parser@7.29.7", "", {}, "sha512-Pb5ijPrZ89GDH8223L4UP8i6QApWxs04RbPQJTeWDV0/keR2E36MeKnyr6LYmUUvqRRI+Iv87SuF1W6ErINzYw=="],

    "@babel/helper-validator-identifier": ["@babel/helper-validator-identifier@7.29.7", "", {}, "sha512-qehxGkRj55h/ff8EMaJ+cYhyaKlHIxqYDn682wQD7RNp9UujOQsHog2uS0r2vzr4pW+sXf90NeeayjcNaX3fFg=="],

    "@babel/parser": ["@babel/parser@7.29.8", "", { "dependencies": { "@babel/types": "^7.29.8" }, "bin": "./bin/babel-parser.js" }, "sha512-E8lTAYNB1KW+FH+VGJuZM1ioAx2E6oVlvQFRrf5P8ZZmsiJXYAD9vTFV7yyEURNzgh1dFqMZuO6tUwcARbqFCA=="],

    "@babel/types": ["@babel/types@7.29.8", "", { "dependencies": { "@babel/helper-string-parser": "^7.29.7", "@babel/helper-validator-identifier": "^7.29.7" } }, "sha512-Vj1jF3cPfxg7OAfoI7QnVKLoILlm2JF9pnVHrX8qx7AHMiYWT+NDAA7jChlNgRS4WTLc/fD1lXLmPixluj+3Gg=="],

    "@bakery-framework/cli": ["@bakery-framework/cli@workspace:packages/cli"],

    "@bakery-framework/core": ["@bakery-framework/core@workspace:packages/core"],

    "@bakery-framework/example": ["@bakery-framework/example@workspace:apps/example"],

    "@bakery-framework/orm": ["@bakery-framework/orm@workspace:packages/orm"],

    "@bakery-framework/plugin-analytics": ["@bakery-framework/plugin-analytics@workspace:packages/plugins/analytics"],

    "@bakery-framework/plugin-dashboard": ["@bakery-framework/plugin-dashboard@workspace:packages/plugins/dashboard"],

    "@bakery-framework/plugin-db-explorer": ["@bakery-framework/plugin-db-explorer@workspace:packages/plugins/db-explorer"],

    "@bakery-framework/plugin-vue": ["@bakery-framework/plugin-vue@workspace:packages/plugins/vue"],

    "@bakery-framework/starter": ["@bakery-framework/starter@workspace:apps/starter"],

    "@jridgewell/sourcemap-codec": ["@jridgewell/sourcemap-codec@1.5.5", "", {}, "sha512-cYQ9310grqxueWbl+WuIUIaiUaDcj7WOq5fVhEljNVgRfOUhY9fy2zTvfoqWsnebh8Sl70VScFbICvJnLKB0Og=="],

    "@types/node": ["@types/node@26.2.0", "", { "dependencies": { "undici-types": "~8.3.0" } }, "sha512-5IviulTZeRNp2vAJ514cc/HUlY5nZ9fCbq9DMyC52BrhFZACo3nI0R7qBxhQmo/d27NFe96ur/b7Wwxklda+kg=="],

    "@vue/compiler-core": ["@vue/compiler-core@3.5.41", "", { "dependencies": { "@babel/parser": "^7.29.8", "@vue/shared": "3.5.41", "entities": "^7.0.1", "estree-walker": "^2.0.2", "source-map-js": "^1.2.1" } }, "sha512-q0Xtv/F9w2YO/7htQhtiL+Ev2WCJbe5N2hc+XfgyKkEKqWpSxknmT8QOuGdEKNdjPq0c3F7rNpFkTo3Kfrm7pg=="],

    "@vue/compiler-dom": ["@vue/compiler-dom@3.5.41", "", { "dependencies": { "@vue/compiler-core": "3.5.41", "@vue/shared": "3.5.41" } }, "sha512-oKacVfNglLvGjnS6BXOlGL7EyG2h8X03pqXCjzotRZUaXGjbrTJUnVAQjrCqUnS+lyu31nwQjZY/d817GmCnfw=="],

    "@vue/compiler-sfc": ["@vue/compiler-sfc@3.5.41", "", { "dependencies": { "@babel/parser": "^7.29.8", "@vue/compiler-core": "3.5.41", "@vue/compiler-dom": "3.5.41", "@vue/compiler-ssr": "3.5.41", "@vue/shared": "3.5.41", "estree-walker": "^2.0.2", "magic-string": "^0.30.21", "postcss": "^8.5.19", "source-map-js": "^1.2.1" } }, "sha512-XJhip7R2wy6vX3knCxdZN4KracFaZUef58s1KYewqluedHIJaPIVfXoYT7MF1F8nCvv6k8bWWxDC8opMkg1VTQ=="],

    "@vue/compiler-ssr": ["@vue/compiler-ssr@3.5.41", "", { "dependencies": { "@vue/compiler-dom": "3.5.41", "@vue/shared": "3.5.41" } }, "sha512-U3v5OejKEGqOI0Wy0+Sz7hGuIFZHA4LSXzrNM3IMIeDyJEBBfTpX26n3SDgToRpP2bLc9FfI2j/kSgcJ8Emq5A=="],

    "@vue/reactivity": ["@vue/reactivity@3.5.41", "", { "dependencies": { "@vue/shared": "3.5.41" } }, "sha512-rznsqKM0np0x18EjzF8x88MpEhdNsffbvFbckLL5+oUKz1BxAImEmO7J1ArRYSyo6aQaVoBDp7jEkT91OOxydA=="],

    "@vue/runtime-core": ["@vue/runtime-core@3.5.41", "", { "dependencies": { "@vue/reactivity": "3.5.41", "@vue/shared": "3.5.41" } }, "sha512-Vcry58hiAKwGen9Z1jUZE0feFsNArPCMOImYI8el48A9Idf6DuQYD0U05zZIF2Iad1hGhPSvcbBbAOhNr55fhg=="],

    "@vue/runtime-dom": ["@vue/runtime-dom@3.5.41", "", { "dependencies": { "@vue/reactivity": "3.5.41", "@vue/runtime-core": "3.5.41", "@vue/shared": "3.5.41", "csstype": "^3.2.3" } }, "sha512-3vVBahVBS9+U6cmXBLyb8nE6/yYo4J/CGI9eVFs3KiMc0YHuudwKyShTD65jtJy/L9PUUxNAFu4cj4LiJ0UFbw=="],

    "@vue/server-renderer": ["@vue/server-renderer@3.5.41", "", { "dependencies": { "@vue/compiler-ssr": "3.5.41", "@vue/runtime-dom": "3.5.41", "@vue/shared": "3.5.41" } }, "sha512-n6hx/pNFfbD6SuyeuMVkvqox8bwf/ET9JlA/kAz/imw8sw++wkqKe2mHX5KutjPpbKE4Z56yTHszoOjGMI9igQ=="],

    "@vue/shared": ["@vue/shared@3.5.41", "", {}, "sha512-IOnwSCma8j+9xJT6b8H0dEYidC80NsYmNMlZxRsukYcSoGaDBohog5hDxzeUXdFeGWFA++vWvxqOmrr96VlqMA=="],

    "bun-types": ["bun-types@1.4.0", "", { "dependencies": { "@types/node": "*" } }, "sha512-iIKw23BspnQQYd3prITOBxeUsxBHnwzX6YJfGMuNOZzeNcMmVqzIIVGRm1l69ogaPQmb4wB6BN8mA5bE9YuC5Q=="],

    "create-bakery": ["create-bakery@workspace:packages/create"],

    "csstype": ["csstype@3.2.3", "", {}, "sha512-z1HGKcYy2xA8AGQfwrn0PAy+PB7X/GSj3UVJW9qKyn43xWa+gl5nXmU4qqLMRzWVLFC8KusUX8T/0kCiOYpAIQ=="],

    "cutver": ["cutver@2.2.0", "", { "bin": { "cutver": "dist/cutver.mjs" } }, "sha512-dxA6zkSwH00fTStCIbzelyqqT2BvUJt1jODQ6Prmq0TfLrE4netO7VAh933xAhLJJFCBWKBPivCa9joKDgMWQA=="],

    "entities": ["entities@7.0.1", "", {}, "sha512-TWrgLOFUQTH994YUyl1yT4uyavY5nNB5muff+RtWaqNVCAK408b5ZnnbNAUEWLTCpum9w6arT70i1XdQ4UeOPA=="],

    "estree-walker": ["estree-walker@2.0.2", "", {}, "sha512-Rfkk/Mp/DL7JVje3u18FxFujQlTNR2q6QfMSMB7AvCBx91NGj/ba3kCfza0f6dVDbw7YlRf/nDrn7pQrCCyQ/w=="],

    "magic-string": ["magic-string@0.30.21", "", { "dependencies": { "@jridgewell/sourcemap-codec": "^1.5.5" } }, "sha512-vd2F4YUyEXKGcLHoq+TEyCjxueSeHnFxyyjNp80yg0XV4vUhnDer/lvvlqM/arB5bXQN5K2/3oinyCRyx8T2CQ=="],

    "nanoid": ["nanoid@3.3.18", "", { "bin": { "nanoid": "bin/nanoid.cjs" } }, "sha512-DTg4MJbGMWkfi6VZFdNt2/caMbQy4Ou+Op/hJQvGEWcnVfoA1QA+xzRKAzw9jD6+GVOOeYr/mIcuDSdug6F6+w=="],

    "picocolors": ["picocolors@1.1.1", "", {}, "sha512-xceH2snhtb5M9liqDsmEw56le376mTZkEX/jEb/RxNFyegNul7eNslCXP9FDj/Lcu0X8KEyMceP2ntpaHrDEVA=="],

    "postcss": ["postcss@8.5.26", "", { "dependencies": { "nanoid": "^3.3.17", "picocolors": "^1.1.1", "source-map-js": "^1.2.1" } }, "sha512-u82N74LFzG8ca+dD8puPnplTXoGH4fTPpVGuIbt36G3qvNlkvfD0lEAZSxaly3KX8TS/L1A1gsCEmvKmBcVbkQ=="],

    "source-map-js": ["source-map-js@1.2.1", "", {}, "sha512-UXWMKhLOwVKb728IUtQPXxfYU+usdybtUrK/8uGE8CQMvrhOpwvzDBwj0QhSL7MQc7vIsISBG8VQ8+IDQxpfQA=="],

    "typescript": ["typescript@6.0.3", "", { "bin": { "tsc": "bin/tsc", "tsserver": "bin/tsserver" } }, "sha512-y2TvuxSZPDyQakkFRPZHKFm+KKVqIisdg9/CZwm9ftvKXLP8NRWj38/ODjNbr43SsoXqNuAisEf1GdCxqWcdBw=="],

    "undici-types": ["undici-types@8.3.0", "", {}, "sha512-j375ScV60dom+YkPFIfTLcOiPxkN/buHz5GobjLhixFuANaNs3C9l4GmrWqejgXWJ7BbJcFYpTEUkS1Ge8bpZQ=="],

    "vue": ["vue@3.5.41", "", { "dependencies": { "@vue/compiler-dom": "3.5.41", "@vue/compiler-sfc": "3.5.41", "@vue/runtime-dom": "3.5.41", "@vue/server-renderer": "3.5.41", "@vue/shared": "3.5.41" }, "peerDependencies": { "typescript": "*" }, "optionalPeers": ["typescript"] }, "sha512-2laE0p+aK+/AOPG/XL/WepOs/GlK755LJ1XECi9kDUrz1FKNw8rb2Xzlw9JS1rqEV55nb0ttsKxVlTCcd+R5cg=="],
  }
}
